
Microsoft Visual Studio Solution File, Format Version 12.00
# Visual Studio Version 16
VisualStudioVersion = 16.0.29215.179
MinimumVisualStudioVersion = 10.0.40219.1
Project("{FAE04EC0-301F-11D3-BF4B-00C04F79EFBC}") = "Alarm Clock GUI", "Alarm Clock GUI\Alarm Clock GUI.csproj", "{64335A95-E60C-4A31-AEEB-B0F5ACED0209}"
EndProject
Global
	GlobalSection(SolutionConfigurationPlatforms) = preSolution
		Debug|Any CPU = Debug|Any CPU
		Release|Any CPU = Release|Any CPU
	EndGlobalSection
	GlobalSection(ProjectConfigurationPlatforms) = postSolution
		{64335A95-E60C-4A31-AEEB-B0F5ACED0209}.Debug|Any CPU.ActiveCfg = Debug|Any CPU
		{64335A95-E60C-4A31-AEEB-B0F5ACED0209}.Debug|Any CPU.Build.0 = Debug|Any CPU
		{64335A95-E60C-4A31-AEEB-B0F5ACED0209}.Release|Any CPU.ActiveCfg = Release|Any CPU
		{64335A95-E60C-4A31-AEEB-B0F5ACED0209}.Release|Any CPU.Build.0 = Release|Any CPU
	EndGlobalSection
	GlobalSection(SolutionProperties) = preSolution
		HideSolutionNode = FALSE
	EndGlobalSection
	GlobalSection(ExtensibilityGlobals) = postSolution
		SolutionGuid = {122D16D6-DF8B-46A1-B797-B898B5A3C6F2}
	EndGlobalSection
EndGlobal
